
Microsoft Visual Studio Solution File, Format Version 12.00
# Visual Studio Version 17
VisualStudioVersion = 17.1.32407.343
MinimumVisualStudioVersion = 10.0.40219.1
Project("{FAE04EC0-301F-11D3-BF4B-00C04F79EFBC}") = "ClockOutAlarm.Android", "ClockOutAlarm\ClockOutAlarm.Android\ClockOutAlarm.Android.csproj", "{80E4E3A5-B154-4D16-9EA7-CAF28AF0551D}"
EndProject
Project("{FAE04EC0-301F-11D3-BF4B-00C04F79EFBC}") = "ClockOutAlarm", "ClockOutAlarm\ClockOutAlarm\ClockOutAlarm.csproj", "{575D3785-9091-4E64-A033-6EA9286B20C3}"
EndProject
Global
	GlobalSection(SolutionConfigurationPlatforms) = preSolution
		Debug|Any CPU = Debug|Any CPU
		Release|Any CPU = Release|Any CPU
	EndGlobalSection
	GlobalSection(ProjectConfigurationPlatforms) = postSolution
		{80E4E3A5-B154-4D16-9EA7-CAF28AF0551D}.Debug|Any CPU.ActiveCfg = Debug|Any CPU
		{80E4E3A5-B154-4D16-9EA7-CAF28AF0551D}.Debug|Any CPU.Build.0 = Debug|Any CPU
		{80E4E3A5-B154-4D16-9EA7-CAF28AF0551D}.Debug|Any CPU.Deploy.0 = Debug|Any CPU
		{80E4E3A5-B154-4D16-9EA7-CAF28AF0551D}.Release|Any CPU.ActiveCfg = Release|Any CPU
		{80E4E3A5-B154-4D16-9EA7-CAF28AF0551D}.Release|Any CPU.Build.0 = Release|Any CPU
		{80E4E3A5-B154-4D16-9EA7-CAF28AF0551D}.Release|Any CPU.Deploy.0 = Release|Any CPU
		{575D3785-9091-4E64-A033-6EA9286B20C3}.Debug|Any CPU.ActiveCfg = Debug|Any CPU
		{575D3785-9091-4E64-A033-6EA9286B20C3}.Debug|Any CPU.Build.0 = Debug|Any CPU
		{575D3785-9091-4E64-A033-6EA9286B20C3}.Debug|Any CPU.Deploy.0 = Debug|Any CPU
		{575D3785-9091-4E64-A033-6EA9286B20C3}.Release|Any CPU.ActiveCfg = Release|Any CPU
		{575D3785-9091-4E64-A033-6EA9286B20C3}.Release|Any CPU.Build.0 = Release|Any CPU
		{575D3785-9091-4E64-A033-6EA9286B20C3}.Release|Any CPU.Deploy.0 = Release|Any CPU
	EndGlobalSection
	GlobalSection(SolutionProperties) = preSolution
		HideSolutionNode = FALSE
	EndGlobalSection
	GlobalSection(ExtensibilityGlobals) = postSolution
		SolutionGuid = {0E8529ED-1B72-4CE4-89A4-8348582F107F}
	EndGlobalSection
EndGlobal
